
Microsoft Visual Studio Solution File, Format Version 12.00
# Visual Studio Version 16
VisualStudioVersion = 16.0.31105.61
MinimumVisualStudioVersion = 10.0.40219.1
Project("{FAE04EC0-301F-11D3-BF4B-00C04F79EFBC}") = "Zadanie_filtrowanie", "Zadanie_filtrowanie\Zadanie_filtrowanie.csproj", "{9AE15F23-EF55-40F0-B939-2292C91CAF44}"
EndProject
Global
	GlobalSection(SolutionConfigurationPlatforms) = preSolution
		Debug|Any CPU = Debug|Any CPU
		Release|Any CPU = Release|Any CPU
	EndGlobalSection
	GlobalSection(ProjectConfigurationPlatforms) = postSolution
		{9AE15F23-EF55-40F0-B939-2292C91CAF44}.Debug|Any CPU.ActiveCfg = Debug|Any CPU
		{9AE15F23-EF55-40F0-B939-2292C91CAF44}.Debug|Any CPU.Build.0 = Debug|Any CPU
		{9AE15F23-EF55-40F0-B939-2292C91CAF44}.Release|Any CPU.ActiveCfg = Release|Any CPU
		{9AE15F23-EF55-40F0-B939-2292C91CAF44}.Release|Any CPU.Build.0 = Release|Any CPU
	EndGlobalSection
	GlobalSection(SolutionProperties) = preSolution
		HideSolutionNode = FALSE
	EndGlobalSection
	GlobalSection(ExtensibilityGlobals) = postSolution
		SolutionGuid = {620784C0-BD2D-44C1-A8CC-14184E20814E}
	EndGlobalSection
EndGlobal
